
Microsoft Visual Studio Solution File, Format Version 12.00
# Visual Studio Version 16
VisualStudioVersion = 16.0.31112.23
MinimumVisualStudioVersion = 10.0.40219.1
Project("{FAE04EC0-301F-11D3-BF4B-00C04F79EFBC}") = "Adventure.Web", "Adventure.Web\Adventure.Web.csproj", "{E96741C6-C8AA-403A-ACF1-1E473E62398C}"
EndProject
Project("{2150E333-8FDC-42A3-9474-1A3956D46DE8}") = "Solution Items", "Solution Items", "{6ADA0B75-75A4-480B-BF66-4DFBC6026E71}"
	ProjectSection(SolutionItems) = preProject
		..\README.md = ..\README.md
	EndProjectSection
EndProject
Project("{FAE04EC0-301F-11D3-BF4B-00C04F79EFBC}") = "Adventure.Model", "Adventure.Model\Adventure.Model.csproj", "{2C8E1FF6-4611-4EC2-9085-49E8361D2C9D}"
EndProject
Project("{FAE04EC0-301F-11D3-BF4B-00C04F79EFBC}") = "Adventure.Logic", "Adventure.Logic\Adventure.Logic.csproj", "{8DCA3CD7-8C1A-46B2-92C4-EA0D275C78F3}"
EndProject
Global
	GlobalSection(SolutionConfigurationPlatforms) = preSolution
		Debug|Any CPU = Debug|Any CPU
		Release|Any CPU = Release|Any CPU
	EndGlobalSection
	GlobalSection(ProjectConfigurationPlatforms) = postSolution
		{E96741C6-C8AA-403A-ACF1-1E473E62398C}.Debug|Any CPU.ActiveCfg = Debug|Any CPU
		{E96741C6-C8AA-403A-ACF1-1E473E62398C}.Debug|Any CPU.Build.0 = Debug|Any CPU
		{E96741C6-C8AA-403A-ACF1-1E473E62398C}.Release|Any CPU.ActiveCfg = Release|Any CPU
		{E96741C6-C8AA-403A-ACF1-1E473E62398C}.Release|Any CPU.Build.0 = Release|Any CPU
		{2C8E1FF6-4611-4EC2-9085-49E8361D2C9D}.Debug|Any CPU.ActiveCfg = Debug|Any CPU
		{2C8E1FF6-4611-4EC2-9085-49E8361D2C9D}.Debug|Any CPU.Build.0 = Debug|Any CPU
		{2C8E1FF6-4611-4EC2-9085-49E8361D2C9D}.Release|Any CPU.ActiveCfg = Release|Any CPU
		{2C8E1FF6-4611-4EC2-9085-49E8361D2C9D}.Release|Any CPU.Build.0 = Release|Any CPU
		{8DCA3CD7-8C1A-46B2-92C4-EA0D275C78F3}.Debug|Any CPU.ActiveCfg = Debug|Any CPU
		{8DCA3CD7-8C1A-46B2-92C4-EA0D275C78F3}.Debug|Any CPU.Build.0 = Debug|Any CPU
		{8DCA3CD7-8C1A-46B2-92C4-EA0D275C78F3}.Release|Any CPU.ActiveCfg = Release|Any CPU
		{8DCA3CD7-8C1A-46B2-92C4-EA0D275C78F3}.Release|Any CPU.Build.0 = Release|Any CPU
	EndGlobalSection
	GlobalSection(SolutionProperties) = preSolution
		HideSolutionNode = FALSE
	EndGlobalSection
	GlobalSection(ExtensibilityGlobals) = postSolution
		SolutionGuid = {BD6125CC-9374-4FF6-999E-1D9BBA7F73C3}
	EndGlobalSection
EndGlobal
